
Microsoft Visual Studio Solution File, Format Version 12.00
# Visual Studio Version 17
VisualStudioVersion = 17.2.32516.85
MinimumVisualStudioVersion = 10.0.40219.1
Project("{FAE04EC0-301F-11D3-BF4B-00C04F79EFBC}") = "AkriStat.MVC", "AkriStat\AkriStat.MVC.csproj", "{0C011E7D-E855-44D9-8CF7-77B6A9E718C5}"
EndProject
Project("{FAE04EC0-301F-11D3-BF4B-00C04F79EFBC}") = "AkriStat.Scrape", "AkriStat.Scrape\AkriStat.Scrape.csproj", "{B94DB490-45C1-4641-A059-DF085E42054C}"
EndProject
Project("{FAE04EC0-301F-11D3-BF4B-00C04F79EFBC}") = "AkriStat.API", "AkriStat.API\AkriStat.API.csproj", "{441D1B37-54CD-406C-936A-8212A98DCDAB}"
EndProject
Global
	GlobalSection(SolutionConfigurationPlatforms) = preSolution
		Debug|Any CPU = Debug|Any CPU
		Release|Any CPU = Release|Any CPU
	EndGlobalSection
	GlobalSection(ProjectConfigurationPlatforms) = postSolution
		{0C011E7D-E855-44D9-8CF7-77B6A9E718C5}.Debug|Any CPU.ActiveCfg = Debug|Any CPU
		{0C011E7D-E855-44D9-8CF7-77B6A9E718C5}.Debug|Any CPU.Build.0 = Debug|Any CPU
		{0C011E7D-E855-44D9-8CF7-77B6A9E718C5}.Release|Any CPU.ActiveCfg = Release|Any CPU
		{0C011E7D-E855-44D9-8CF7-77B6A9E718C5}.Release|Any CPU.Build.0 = Release|Any CPU
		{B94DB490-45C1-4641-A059-DF085E42054C}.Debug|Any CPU.ActiveCfg = Debug|Any CPU
		{B94DB490-45C1-4641-A059-DF085E42054C}.Debug|Any CPU.Build.0 = Debug|Any CPU
		{B94DB490-45C1-4641-A059-DF085E42054C}.Release|Any CPU.ActiveCfg = Release|Any CPU
		{B94DB490-45C1-4641-A059-DF085E42054C}.Release|Any CPU.Build.0 = Release|Any CPU
		{441D1B37-54CD-406C-936A-8212A98DCDAB}.Debug|Any CPU.ActiveCfg = Debug|Any CPU
		{441D1B37-54CD-406C-936A-8212A98DCDAB}.Debug|Any CPU.Build.0 = Debug|Any CPU
		{441D1B37-54CD-406C-936A-8212A98DCDAB}.Release|Any CPU.ActiveCfg = Release|Any CPU
		{441D1B37-54CD-406C-936A-8212A98DCDAB}.Release|Any CPU.Build.0 = Release|Any CPU
	EndGlobalSection
	GlobalSection(SolutionProperties) = preSolution
		HideSolutionNode = FALSE
	EndGlobalSection
	GlobalSection(ExtensibilityGlobals) = postSolution
		SolutionGuid = {3B48023E-CA51-479D-BC12-A6D23C69E5B7}
	EndGlobalSection
EndGlobal
